
Microsoft Visual Studio Solution File, Format Version 12.00
# Visual Studio Version 16
VisualStudioVersion = 16.0.33423.256
MinimumVisualStudioVersion = 10.0.40219.1
Project("{FAE04EC0-301F-11D3-BF4B-00C04F79EFBC}") = "week 5 oop lab task 1", "week 5 oop lab task 1\week 5 oop lab task 1.csproj", "{890B51CA-4FCD-4A84-B019-C18A6EC5F122}"
EndProject
Global
	GlobalSection(SolutionConfigurationPlatforms) = preSolution
		Debug|Any CPU = Debug|Any CPU
		Release|Any CPU = Release|Any CPU
	EndGlobalSection
	GlobalSection(ProjectConfigurationPlatforms) = postSolution
		{890B51CA-4FCD-4A84-B019-C18A6EC5F122}.Debug|Any CPU.ActiveCfg = Debug|Any CPU
		{890B51CA-4FCD-4A84-B019-C18A6EC5F122}.Debug|Any CPU.Build.0 = Debug|Any CPU
		{890B51CA-4FCD-4A84-B019-C18A6EC5F122}.Release|Any CPU.ActiveCfg = Release|Any CPU
		{890B51CA-4FCD-4A84-B019-C18A6EC5F122}.Release|Any CPU.Build.0 = Release|Any CPU
	EndGlobalSection
	GlobalSection(SolutionProperties) = preSolution
		HideSolutionNode = FALSE
	EndGlobalSection
	GlobalSection(ExtensibilityGlobals) = postSolution
		SolutionGuid = {07FEE9A0-4A79-4870-9A48-DFF6635D4113}
	EndGlobalSection
EndGlobal
