
Microsoft Visual Studio Solution File, Format Version 12.00
# Visual Studio Version 16
VisualStudioVersion = 16.0.33423.256
MinimumVisualStudioVersion = 10.0.40219.1
Project("{FAE04EC0-301F-11D3-BF4B-00C04F79EFBC}") = "Week 2 Sign In class+list", "Week 2 Sign In class+list\Week 2 Sign In class+list.csproj", "{080ADF87-EA58-4468-AB3D-9DC16A0E7B2D}"
EndProject
Global
	GlobalSection(SolutionConfigurationPlatforms) = preSolution
		Debug|Any CPU = Debug|Any CPU
		Release|Any CPU = Release|Any CPU
	EndGlobalSection
	GlobalSection(ProjectConfigurationPlatforms) = postSolution
		{080ADF87-EA58-4468-AB3D-9DC16A0E7B2D}.Debug|Any CPU.ActiveCfg = Debug|Any CPU
		{080ADF87-EA58-4468-AB3D-9DC16A0E7B2D}.Debug|Any CPU.Build.0 = Debug|Any CPU
		{080ADF87-EA58-4468-AB3D-9DC16A0E7B2D}.Release|Any CPU.ActiveCfg = Release|Any CPU
		{080ADF87-EA58-4468-AB3D-9DC16A0E7B2D}.Release|Any CPU.Build.0 = Release|Any CPU
	EndGlobalSection
	GlobalSection(SolutionProperties) = preSolution
		HideSolutionNode = FALSE
	EndGlobalSection
	GlobalSection(ExtensibilityGlobals) = postSolution
		SolutionGuid = {3251C155-C717-4A7F-8C3D-9CAB6AD2E168}
	EndGlobalSection
EndGlobal
