
Microsoft Visual Studio Solution File, Format Version 12.00
# Visual Studio Version 16
VisualStudioVersion = 16.0.33423.256
MinimumVisualStudioVersion = 10.0.40219.1
Project("{FAE04EC0-301F-11D3-BF4B-00C04F79EFBC}") = "week 5 oop (Business Application) with (BL+ DL + UI)", "week 5 oop (Business Application) with (BL+ DL + UI)\week 5 oop (Business Application) with (BL+ DL + UI).csproj", "{B248C9DE-259A-4B90-BA5D-B687544884A4}"
EndProject
Global
	GlobalSection(SolutionConfigurationPlatforms) = preSolution
		Debug|Any CPU = Debug|Any CPU
		Release|Any CPU = Release|Any CPU
	EndGlobalSection
	GlobalSection(ProjectConfigurationPlatforms) = postSolution
		{B248C9DE-259A-4B90-BA5D-B687544884A4}.Debug|Any CPU.ActiveCfg = Debug|Any CPU
		{B248C9DE-259A-4B90-BA5D-B687544884A4}.Debug|Any CPU.Build.0 = Debug|Any CPU
		{B248C9DE-259A-4B90-BA5D-B687544884A4}.Release|Any CPU.ActiveCfg = Release|Any CPU
		{B248C9DE-259A-4B90-BA5D-B687544884A4}.Release|Any CPU.Build.0 = Release|Any CPU
	EndGlobalSection
	GlobalSection(SolutionProperties) = preSolution
		HideSolutionNode = FALSE
	EndGlobalSection
	GlobalSection(ExtensibilityGlobals) = postSolution
		SolutionGuid = {9C8738E7-2CF6-4F5B-BE4A-199DE9764142}
	EndGlobalSection
EndGlobal
