
Microsoft Visual Studio Solution File, Format Version 12.00
# Visual Studio Version 16
VisualStudioVersion = 16.0.33423.256
MinimumVisualStudioVersion = 10.0.40219.1
Project("{FAE04EC0-301F-11D3-BF4B-00C04F79EFBC}") = "week 5  problem statement 2", "week 5  problem statement 2\week 5  problem statement 2.csproj", "{DC73395C-9A98-4E45-A891-E727AA039FCA}"
EndProject
Global
	GlobalSection(SolutionConfigurationPlatforms) = preSolution
		Debug|Any CPU = Debug|Any CPU
		Release|Any CPU = Release|Any CPU
	EndGlobalSection
	GlobalSection(ProjectConfigurationPlatforms) = postSolution
		{DC73395C-9A98-4E45-A891-E727AA039FCA}.Debug|Any CPU.ActiveCfg = Debug|Any CPU
		{DC73395C-9A98-4E45-A891-E727AA039FCA}.Debug|Any CPU.Build.0 = Debug|Any CPU
		{DC73395C-9A98-4E45-A891-E727AA039FCA}.Release|Any CPU.ActiveCfg = Release|Any CPU
		{DC73395C-9A98-4E45-A891-E727AA039FCA}.Release|Any CPU.Build.0 = Release|Any CPU
	EndGlobalSection
	GlobalSection(SolutionProperties) = preSolution
		HideSolutionNode = FALSE
	EndGlobalSection
	GlobalSection(ExtensibilityGlobals) = postSolution
		SolutionGuid = {4DEF6F94-5733-49D4-A55E-21BA7DB6B53D}
	EndGlobalSection
EndGlobal
