
Microsoft Visual Studio Solution File, Format Version 12.00
# Visual Studio Version 16
VisualStudioVersion = 16.0.33423.256
MinimumVisualStudioVersion = 10.0.40219.1
Project("{FAE04EC0-301F-11D3-BF4B-00C04F79EFBC}") = "Week 5 UAMS lab task 4", "Week 5 UAMS lab task 4\Week 5 UAMS lab task 4.csproj", "{AC9BED56-A890-4310-A856-B8B7FD3CA213}"
EndProject
Global
	GlobalSection(SolutionConfigurationPlatforms) = preSolution
		Debug|Any CPU = Debug|Any CPU
		Release|Any CPU = Release|Any CPU
	EndGlobalSection
	GlobalSection(ProjectConfigurationPlatforms) = postSolution
		{AC9BED56-A890-4310-A856-B8B7FD3CA213}.Debug|Any CPU.ActiveCfg = Debug|Any CPU
		{AC9BED56-A890-4310-A856-B8B7FD3CA213}.Debug|Any CPU.Build.0 = Debug|Any CPU
		{AC9BED56-A890-4310-A856-B8B7FD3CA213}.Release|Any CPU.ActiveCfg = Release|Any CPU
		{AC9BED56-A890-4310-A856-B8B7FD3CA213}.Release|Any CPU.Build.0 = Release|Any CPU
	EndGlobalSection
	GlobalSection(SolutionProperties) = preSolution
		HideSolutionNode = FALSE
	EndGlobalSection
	GlobalSection(ExtensibilityGlobals) = postSolution
		SolutionGuid = {5F152B05-FF00-41E7-99B9-9027D8BF4BA8}
	EndGlobalSection
EndGlobal
