
Microsoft Visual Studio Solution File, Format Version 12.00
# Visual Studio Version 16
VisualStudioVersion = 16.0.33423.256
MinimumVisualStudioVersion = 10.0.40219.1
Project("{FAE04EC0-301F-11D3-BF4B-00C04F79EFBC}") = "products challenge 2", "products challenge 2\products challenge 2.csproj", "{61F35DCA-2FD8-4F96-A33C-A459ECE405E1}"
EndProject
Global
	GlobalSection(SolutionConfigurationPlatforms) = preSolution
		Debug|Any CPU = Debug|Any CPU
		Release|Any CPU = Release|Any CPU
	EndGlobalSection
	GlobalSection(ProjectConfigurationPlatforms) = postSolution
		{61F35DCA-2FD8-4F96-A33C-A459ECE405E1}.Debug|Any CPU.ActiveCfg = Debug|Any CPU
		{61F35DCA-2FD8-4F96-A33C-A459ECE405E1}.Debug|Any CPU.Build.0 = Debug|Any CPU
		{61F35DCA-2FD8-4F96-A33C-A459ECE405E1}.Release|Any CPU.ActiveCfg = Release|Any CPU
		{61F35DCA-2FD8-4F96-A33C-A459ECE405E1}.Release|Any CPU.Build.0 = Release|Any CPU
	EndGlobalSection
	GlobalSection(SolutionProperties) = preSolution
		HideSolutionNode = FALSE
	EndGlobalSection
	GlobalSection(ExtensibilityGlobals) = postSolution
		SolutionGuid = {2878AD41-A036-4CA2-9594-B20C06D4E00D}
	EndGlobalSection
EndGlobal
