
Microsoft Visual Studio Solution File, Format Version 12.00
# Visual Studio Version 16
VisualStudioVersion = 16.0.33423.256
MinimumVisualStudioVersion = 10.0.40219.1
Project("{FAE04EC0-301F-11D3-BF4B-00C04F79EFBC}") = "week 5 oop lab UAMS task 1(without multiple classes)", "week 5 oop lab UAMS task 1(without multiple classes)\week 5 oop lab UAMS task 1(without multiple classes).csproj", "{AC60B07C-2113-470E-B1E7-6F90DDAE6AD4}"
EndProject
Global
	GlobalSection(SolutionConfigurationPlatforms) = preSolution
		Debug|Any CPU = Debug|Any CPU
		Release|Any CPU = Release|Any CPU
	EndGlobalSection
	GlobalSection(ProjectConfigurationPlatforms) = postSolution
		{AC60B07C-2113-470E-B1E7-6F90DDAE6AD4}.Debug|Any CPU.ActiveCfg = Debug|Any CPU
		{AC60B07C-2113-470E-B1E7-6F90DDAE6AD4}.Debug|Any CPU.Build.0 = Debug|Any CPU
		{AC60B07C-2113-470E-B1E7-6F90DDAE6AD4}.Release|Any CPU.ActiveCfg = Release|Any CPU
		{AC60B07C-2113-470E-B1E7-6F90DDAE6AD4}.Release|Any CPU.Build.0 = Release|Any CPU
	EndGlobalSection
	GlobalSection(SolutionProperties) = preSolution
		HideSolutionNode = FALSE
	EndGlobalSection
	GlobalSection(ExtensibilityGlobals) = postSolution
		SolutionGuid = {2DB2B685-290F-4DD1-BE6E-38DFA18FED59}
	EndGlobalSection
EndGlobal
