
Microsoft Visual Studio Solution File, Format Version 12.00
# Visual Studio Version 16
VisualStudioVersion = 16.0.33423.256
MinimumVisualStudioVersion = 10.0.40219.1
Project("{FAE04EC0-301F-11D3-BF4B-00C04F79EFBC}") = "week 2 pd business application list", "week 2 pd business application list\week 2 pd business application list.csproj", "{3993A759-6472-4E18-90B6-5982DB4E1A3D}"
EndProject
Global
	GlobalSection(SolutionConfigurationPlatforms) = preSolution
		Debug|Any CPU = Debug|Any CPU
		Release|Any CPU = Release|Any CPU
	EndGlobalSection
	GlobalSection(ProjectConfigurationPlatforms) = postSolution
		{3993A759-6472-4E18-90B6-5982DB4E1A3D}.Debug|Any CPU.ActiveCfg = Debug|Any CPU
		{3993A759-6472-4E18-90B6-5982DB4E1A3D}.Debug|Any CPU.Build.0 = Debug|Any CPU
		{3993A759-6472-4E18-90B6-5982DB4E1A3D}.Release|Any CPU.ActiveCfg = Release|Any CPU
		{3993A759-6472-4E18-90B6-5982DB4E1A3D}.Release|Any CPU.Build.0 = Release|Any CPU
	EndGlobalSection
	GlobalSection(SolutionProperties) = preSolution
		HideSolutionNode = FALSE
	EndGlobalSection
	GlobalSection(ExtensibilityGlobals) = postSolution
		SolutionGuid = {ABB0CD31-5432-4501-BDDB-4F3774A923EC}
	EndGlobalSection
EndGlobal
